
Microsoft Visual Studio Solution File, Format Version 12.00
# Visual Studio Version 16
VisualStudioVersion = 16.0.31205.134
MinimumVisualStudioVersion = 10.0.40219.1
Project("{FAE04EC0-301F-11D3-BF4B-00C04F79EFBC}") = "WindowsFormsApp1", "WindowsFormsApp1\WindowsFormsApp1.csproj", "{CC28289A-DAB5-49BD-BEFF-83CD1CA15D60}"
EndProject
Global
	GlobalSection(SolutionConfigurationPlatforms) = preSolution
		Debug|Any CPU = Debug|Any CPU
		Release|Any CPU = Release|Any CPU
	EndGlobalSection
	GlobalSection(ProjectConfigurationPlatforms) = postSolution
		{CC28289A-DAB5-49BD-BEFF-83CD1CA15D60}.Debug|Any CPU.ActiveCfg = Debug|Any CPU
		{CC28289A-DAB5-49BD-BEFF-83CD1CA15D60}.Debug|Any CPU.Build.0 = Debug|Any CPU
		{CC28289A-DAB5-49BD-BEFF-83CD1CA15D60}.Release|Any CPU.ActiveCfg = Release|Any CPU
		{CC28289A-DAB5-49BD-BEFF-83CD1CA15D60}.Release|Any CPU.Build.0 = Release|Any CPU
	EndGlobalSection
	GlobalSection(SolutionProperties) = preSolution
		HideSolutionNode = FALSE
	EndGlobalSection
	GlobalSection(ExtensibilityGlobals) = postSolution
		SolutionGuid = {F06981B1-CDDB-41A7-A25A-D998D42539CA}
	EndGlobalSection
EndGlobal
